// !$*UTF8*$!
{
	archiveVersion = 1;
	classes = {
	};
	objectVersion = 46;
	objects = {

/* Begin PBXBuildFile section */
		511F49A71FAC005100268612 /* LFLivePreview.m in Sources */ = {isa = PBXBuildFile; fileRef = 511F49A61FAC005100268612 /* LFLivePreview.m */; };
		513433001FAC4FB500876528 /* IJKMediaFramework.framework in Frameworks */ = {isa = PBXBuildFile; fileRef = 513432FF1FAC4FB500876528 /* IJKMediaFramework.framework */; };
		513433021FAC4FD600876528 /* VideoToolbox.framework in Frameworks */ = {isa = PBXBuildFile; fileRef = 513433011FAC4FD600876528 /* VideoToolbox.framework */; };
		513433041FAC4FDE00876528 /* UIKit.framework in Frameworks */ = {isa = PBXBuildFile; fileRef = 513433031FAC4FDE00876528 /* UIKit.framework */; };
		513433061FAC4FEE00876528 /* QuartzCore.framework in Frameworks */ = {isa = PBXBuildFile; fileRef = 513433051FAC4FEE00876528 /* QuartzCore.framework */; };
		513433081FAC500800876528 /* OpenGLES.framework in Frameworks */ = {isa = PBXBuildFile; fileRef = 513433071FAC500800876528 /* OpenGLES.framework */; };
		5134330A1FAC501600876528 /* MobileCoreServices.framework in Frameworks */ = {isa = PBXBuildFile; fileRef = 513433091FAC501600876528 /* MobileCoreServices.framework */; };
		5134330C1FAC502000876528 /* MediaPlayer.framework in Frameworks */ = {isa = PBXBuildFile; fileRef = 5134330B1FAC502000876528 /* MediaPlayer.framework */; };
		5134330E1FAC503000876528 /* CoreVideo.framework in Frameworks */ = {isa = PBXBuildFile; fileRef = 5134330D1FAC503000876528 /* CoreVideo.framework */; };
		513433101FAC504100876528 /* CoreMedia.framework in Frameworks */ = {isa = PBXBuildFile; fileRef = 5134330F1FAC504100876528 /* CoreMedia.framework */; };
		513433121FAC504F00876528 /* CoreGraphics.framework in Frameworks */ = {isa = PBXBuildFile; fileRef = 513433111FAC504F00876528 /* CoreGraphics.framework */; };
		513433141FAC505E00876528 /* AVFoundation.framework in Frameworks */ = {isa = PBXBuildFile; fileRef = 513433131FAC505E00876528 /* AVFoundation.framework */; };
		513433161FAC506B00876528 /* AudioToolbox.framework in Frameworks */ = {isa = PBXBuildFile; fileRef = 513433151FAC506B00876528 /* AudioToolbox.framework */; };
		5134337A1FAC978200876528 /* libstdc++.tbd in Frameworks */ = {isa = PBXBuildFile; fileRef = 513433791FAC978200876528 /* libstdc++.tbd */; };
		5147AD201FA4271200C9A7B7 /* JHTabBarViewController.m in Sources */ = {isa = PBXBuildFile; fileRef = 5147AD1F1FA4271200C9A7B7 /* JHTabBarViewController.m */; };
		5147AD231FA4273500C9A7B7 /* JHTabBar.m in Sources */ = {isa = PBXBuildFile; fileRef = 5147AD221FA4273500C9A7B7 /* JHTabBar.m */; };
		5149F9091FA4357200AA5FC6 /* JHBaseViewController.m in Sources */ = {isa = PBXBuildFile; fileRef = 5149F9081FA4357200AA5FC6 /* JHBaseViewController.m */; };
		5149F90D1FA4359400AA5FC6 /* JHMainViewController.m in Sources */ = {isa = PBXBuildFile; fileRef = 5149F90B1FA4359400AA5FC6 /* JHMainViewController.m */; };
		5149F90E1FA4359400AA5FC6 /* JHMainViewController.xib in Resources */ = {isa = PBXBuildFile; fileRef = 5149F90C1FA4359400AA5FC6 /* JHMainViewController.xib */; };
		5149F9121FA435B200AA5FC6 /* JHProfileViewController.m in Sources */ = {isa = PBXBuildFile; fileRef = 5149F9101FA435B200AA5FC6 /* JHProfileViewController.m */; };
		5149F9131FA435B200AA5FC6 /* JHProfileViewController.xib in Resources */ = {isa = PBXBuildFile; fileRef = 5149F9111FA435B200AA5FC6 /* JHProfileViewController.xib */; };
		5149F9161FA4369F00AA5FC6 /* JHBaseNavViewController.m in Sources */ = {isa = PBXBuildFile; fileRef = 5149F9151FA4369F00AA5FC6 /* JHBaseNavViewController.m */; };
		5149F91A1FA458F800AA5FC6 /* JHLaunchViewController.m in Sources */ = {isa = PBXBuildFile; fileRef = 5149F9181FA458F800AA5FC6 /* JHLaunchViewController.m */; };
		5149F91B1FA458F800AA5FC6 /* JHLaunchViewController.xib in Resources */ = {isa = PBXBuildFile; fileRef = 5149F9191FA458F800AA5FC6 /* JHLaunchViewController.xib */; };
		5149F91F1FA462D700AA5FC6 /* JHFocuseViewController.m in Sources */ = {isa = PBXBuildFile; fileRef = 5149F91D1FA462D700AA5FC6 /* JHFocuseViewController.m */; };
		5149F9201FA462D700AA5FC6 /* JHFocuseViewController.xib in Resources */ = {isa = PBXBuildFile; fileRef = 5149F91E1FA462D700AA5FC6 /* JHFocuseViewController.xib */; };
		5149F9241FA4630F00AA5FC6 /* JHHotViewController.m in Sources */ = {isa = PBXBuildFile; fileRef = 5149F9221FA4630F00AA5FC6 /* JHHotViewController.m */; };
		5149F9251FA4630F00AA5FC6 /* JHHotViewController.xib in Resources */ = {isa = PBXBuildFile; fileRef = 5149F9231FA4630F00AA5FC6 /* JHHotViewController.xib */; };
		5149F9291FA4633500AA5FC6 /* JHNearViewController.m in Sources */ = {isa = PBXBuildFile; fileRef = 5149F9271FA4633500AA5FC6 /* JHNearViewController.m */; };
		5149F92A1FA4633500AA5FC6 /* JHNearViewController.xib in Resources */ = {isa = PBXBuildFile; fileRef = 5149F9281FA4633500AA5FC6 /* JHNearViewController.xib */; };
		5149F92D1FA4704900AA5FC6 /* JHMainTopView.m in Sources */ = {isa = PBXBuildFile; fileRef = 5149F92C1FA4704900AA5FC6 /* JHMainTopView.m */; };
		5149F9351FA4829E00AA5FC6 /* HttpTool.m in Sources */ = {isa = PBXBuildFile; fileRef = 5149F9321FA4829E00AA5FC6 /* HttpTool.m */; };
		5149F9361FA4829E00AA5FC6 /* UIImageView+SDWebImage.m in Sources */ = {isa = PBXBuildFile; fileRef = 5149F9341FA4829E00AA5FC6 /* UIImageView+SDWebImage.m */; };
		515D88591FB0AF4900C690B4 /* Accelerate.framework in Frameworks */ = {isa = PBXBuildFile; fileRef = 515D88581FB0AF4800C690B4 /* Accelerate.framework */; };
		515D885B1FB0AF5700C690B4 /* AssetsLibrary.framework in Frameworks */ = {isa = PBXBuildFile; fileRef = 515D885A1FB0AF5700C690B4 /* AssetsLibrary.framework */; };
		515D885D1FB0AF8300C690B4 /* CoreImage.framework in Frameworks */ = {isa = PBXBuildFile; fileRef = 515D885C1FB0AF8200C690B4 /* CoreImage.framework */; };
		515D885F1FB0AF9400C690B4 /* CoreText.framework in Frameworks */ = {isa = PBXBuildFile; fileRef = 515D885E1FB0AF9300C690B4 /* CoreText.framework */; };
		515D88611FB0AFA800C690B4 /* ImageIO.framework in Frameworks */ = {isa = PBXBuildFile; fileRef = 515D88601FB0AFA700C690B4 /* ImageIO.framework */; };
		515D88631FB0AFBF00C690B4 /* Security.framework in Frameworks */ = {isa = PBXBuildFile; fileRef = 515D88621FB0AFBE00C690B4 /* Security.framework */; };
		515D88651FB0AFCD00C690B4 /* SystemConfiguration.framework in Frameworks */ = {isa = PBXBuildFile; fileRef = 515D88641FB0AFCD00C690B4 /* SystemConfiguration.framework */; };
		517A9DC71FA4116000906662 /* main.m in Sources */ = {isa = PBXBuildFile; fileRef = 517A9DC61FA4116000906662 /* main.m */; };
		517A9DCA1FA4116000906662 /* AppDelegate.m in Sources */ = {isa = PBXBuildFile; fileRef = 517A9DC91FA4116000906662 /* AppDelegate.m */; };
		517A9DD01FA4116000906662 /* Main.storyboard in Resources */ = {isa = PBXBuildFile; fileRef = 517A9DCE1FA4116000906662 /* Main.storyboard */; };
		517A9DD21FA4116000906662 /* Assets.xcassets in Resources */ = {isa = PBXBuildFile; fileRef = 517A9DD11FA4116000906662 /* Assets.xcassets */; };
		517A9DD51FA4116000906662 /* LaunchScreen.storyboard in Resources */ = {isa = PBXBuildFile; fileRef = 517A9DD31FA4116000906662 /* LaunchScreen.storyboard */; };
		517A9DE01FA4116000906662 /* YKZB_iOSTests.m in Sources */ = {isa = PBXBuildFile; fileRef = 517A9DDF1FA4116000906662 /* YKZB_iOSTests.m */; };
		51AC6C1B1FAAF4460084A2E9 /* JHAdvertiseView.m in Sources */ = {isa = PBXBuildFile; fileRef = 51AC6C1A1FAAF4460084A2E9 /* JHAdvertiseView.m */; };
		51AC6C1D1FAAF4740084A2E9 /* JHAdvertiseView.xib in Resources */ = {isa = PBXBuildFile; fileRef = 51AC6C1C1FAAF4740084A2E9 /* JHAdvertiseView.xib */; };
		51AC6C201FAAFFE00084A2E9 /* JHCacheHelper.m in Sources */ = {isa = PBXBuildFile; fileRef = 51AC6C1F1FAAFFE00084A2E9 /* JHCacheHelper.m */; };
		51B597921FA56D600089D6B1 /* JHBaseHandler.m in Sources */ = {isa = PBXBuildFile; fileRef = 51B597911FA56D600089D6B1 /* JHBaseHandler.m */; };
		51B597951FA56E8F0089D6B1 /* JHLiveHandler.m in Sources */ = {isa = PBXBuildFile; fileRef = 51B597941FA56E8F0089D6B1 /* JHLiveHandler.m */; };
		51B597971FA573A10089D6B1 /* Foundation+Log.m in Sources */ = {isa = PBXBuildFile; fileRef = 51B597961FA573A10089D6B1 /* Foundation+Log.m */; };
		51B5979A1FA578610089D6B1 /* JHLive.m in Sources */ = {isa = PBXBuildFile; fileRef = 51B597991FA578610089D6B1 /* JHLive.m */; };
		51B5979D1FA578B20089D6B1 /* JHCreator.m in Sources */ = {isa = PBXBuildFile; fileRef = 51B5979C1FA578B20089D6B1 /* JHCreator.m */; };
		51B597A01FA57BA60089D6B1 /* MJExtensionConfig.m in Sources */ = {isa = PBXBuildFile; fileRef = 51B5979F1FA57BA60089D6B1 /* MJExtensionConfig.m */; };
		51BE0D3C1FA85B63007E0E59 /* JHLiveChatViewController.m in Sources */ = {isa = PBXBuildFile; fileRef = 51BE0D3A1FA85B63007E0E59 /* JHLiveChatViewController.m */; };
		51BE0D3D1FA85B63007E0E59 /* JHLiveChatViewController.xib in Resources */ = {isa = PBXBuildFile; fileRef = 51BE0D3B1FA85B63007E0E59 /* JHLiveChatViewController.xib */; };
		51BE0D401FA87825007E0E59 /* JHLocationManager.m in Sources */ = {isa = PBXBuildFile; fileRef = 51BE0D3F1FA87825007E0E59 /* JHLocationManager.m */; };
		51BE0D421FA878FC007E0E59 /* CoreLocation.framework in Frameworks */ = {isa = PBXBuildFile; fileRef = 51BE0D411FA878FC007E0E59 /* CoreLocation.framework */; };
		51C5E5D31FA9C45E0012CCAC /* JHFlow.m in Sources */ = {isa = PBXBuildFile; fileRef = 51C5E5D21FA9C45E0012CCAC /* JHFlow.m */; };
		51C5E5D61FA9C4710012CCAC /* JHInfo.m in Sources */ = {isa = PBXBuildFile; fileRef = 51C5E5D51FA9C4710012CCAC /* JHInfo.m */; };
		51C5E5D91FA9C4C90012CCAC /* JHActInfo.m in Sources */ = {isa = PBXBuildFile; fileRef = 51C5E5D81FA9C4C90012CCAC /* JHActInfo.m */; };
		51C5E5DC1FA9C5090012CCAC /* JHExtra.m in Sources */ = {isa = PBXBuildFile; fileRef = 51C5E5DB1FA9C5090012CCAC /* JHExtra.m */; };
		51C5E5DF1FA9C5790012CCAC /* JHFCreator.m in Sources */ = {isa = PBXBuildFile; fileRef = 51C5E5DE1FA9C5790012CCAC /* JHFCreator.m */; };
		51C5E5E51FA9FC4D0012CCAC /* JHNearLiveCell.m in Sources */ = {isa = PBXBuildFile; fileRef = 51C5E5E31FA9FC4D0012CCAC /* JHNearLiveCell.m */; };
		51C5E5E61FA9FC4D0012CCAC /* JHNearLiveCell.xib in Resources */ = {isa = PBXBuildFile; fileRef = 51C5E5E41FA9FC4D0012CCAC /* JHNearLiveCell.xib */; };
		51CF48781FA5AD3B00179AF5 /* JHLiveCell.m in Sources */ = {isa = PBXBuildFile; fileRef = 51CF48761FA5AD3B00179AF5 /* JHLiveCell.m */; };
		51CF48791FA5AD3B00179AF5 /* JHLiveCell.xib in Resources */ = {isa = PBXBuildFile; fileRef = 51CF48771FA5AD3B00179AF5 /* JHLiveCell.xib */; };
		51CF48871FA6D21500179AF5 /* libbz2.tbd in Frameworks */ = {isa = PBXBuildFile; fileRef = 51CF48861FA6D21500179AF5 /* libbz2.tbd */; };
		51CF48891FA6D21E00179AF5 /* libz.tbd in Frameworks */ = {isa = PBXBuildFile; fileRef = 51CF48881FA6D21E00179AF5 /* libz.tbd */; };
		51CF48981FA6D8F600179AF5 /* JHPlayerViewController.m in Sources */ = {isa = PBXBuildFile; fileRef = 51CF48971FA6D8F600179AF5 /* JHPlayerViewController.m */; };
		5BC821C1945D5302AE23C54F /* libPods-YKZB_iOSTests.a in Frameworks */ = {isa = PBXBuildFile; fileRef = 5B0930B595E04A94A37894EE /* libPods-YKZB_iOSTests.a */; };
		FDD962F4AC4C6410A46A2226 /* libPods-YKZB_iOS.a in Frameworks */ = {isa = PBXBuildFile; fileRef = 5C01E2CC51AB2AB2E4B6500C /* libPods-YKZB_iOS.a */; };
/* End PBXBuildFile section */

/* Begin PBXContainerItemProxy section */
		517A9DDC1FA4116000906662 /* PBXContainerItemProxy */ = {
			isa = PBXContainerItemProxy;
			containerPortal = 517A9DBA1FA4116000906662 /* Project object */;
			proxyType = 1;
			remoteGlobalIDString = 517A9DC11FA4116000906662;
			remoteInfo = YKZB_iOS;
		};
/* End PBXContainerItemProxy section */

/* Begin PBXFileReference section */
		43F46EDC8F08255AE95BFF98 /* Pods-YKZB_iOSTests.release.xcconfig */ = {isa = PBXFileReference; includeInIndex = 1; lastKnownFileType = text.xcconfig; name = "Pods-YKZB_iOSTests.release.xcconfig"; path = "Pods/Target Support Files/Pods-YKZB_iOSTests/Pods-YKZB_iOSTests.release.xcconfig"; sourceTree = "<group>"; };
		511F49A51FAC005100268612 /* LFLivePreview.h */ = {isa = PBXFileReference; fileEncoding = 4; lastKnownFileType = sourcecode.c.h; path = LFLivePreview.h; sourceTree = "<group>"; };
		511F49A61FAC005100268612 /* LFLivePreview.m */ = {isa = PBXFileReference; fileEncoding = 4; lastKnownFileType = sourcecode.c.objc; path = LFLivePreview.m; sourceTree = "<group>"; };
		513432FF1FAC4FB500876528 /* IJKMediaFramework.framework */ = {isa = PBXFileReference; lastKnownFileType = wrapper.framework; path = IJKMediaFramework.framework; sourceTree = "<group>"; };
		513433011FAC4FD600876528 /* VideoToolbox.framework */ = {isa = PBXFileReference; lastKnownFileType = wrapper.framework; name = VideoToolbox.framework; path = System/Library/Frameworks/VideoToolbox.framework; sourceTree = SDKROOT; };
		513433031FAC4FDE00876528 /* UIKit.framework */ = {isa = PBXFileReference; lastKnownFileType = wrapper.framework; name = UIKit.framework; path = System/Library/Frameworks/UIKit.framework; sourceTree = SDKROOT; };
		513433051FAC4FEE00876528 /* QuartzCore.framework */ = {isa = PBXFileReference; lastKnownFileType = wrapper.framework; name = QuartzCore.framework; path = System/Library/Frameworks/QuartzCore.framework; sourceTree = SDKROOT; };
		513433071FAC500800876528 /* OpenGLES.framework */ = {isa = PBXFileReference; lastKnownFileType = wrapper.framework; name = OpenGLES.framework; path = System/Library/Frameworks/OpenGLES.framework; sourceTree = SDKROOT; };
		513433091FAC501600876528 /* MobileCoreServices.framework */ = {isa = PBXFileReference; lastKnownFileType = wrapper.framework; name = MobileCoreServices.framework; path = System/Library/Frameworks/MobileCoreServices.framework; sourceTree = SDKROOT; };
		5134330B1FAC502000876528 /* MediaPlayer.framework */ = {isa = PBXFileReference; lastKnownFileType = wrapper.framework; name = MediaPlayer.framework; path = System/Library/Frameworks/MediaPlayer.framework; sourceTree = SDKROOT; };
		5134330D1FAC503000876528 /* CoreVideo.framework */ = {isa = PBXFileReference; lastKnownFileType = wrapper.framework; name = CoreVideo.framework; path = System/Library/Frameworks/CoreVideo.framework; sourceTree = SDKROOT; };
		5134330F1FAC504100876528 /* CoreMedia.framework */ = {isa = PBXFileReference; lastKnownFileType = wrapper.framework; name = CoreMedia.framework; path = System/Library/Frameworks/CoreMedia.framework; sourceTree = SDKROOT; };
		513433111FAC504F00876528 /* CoreGraphics.framework */ = {isa = PBXFileReference; lastKnownFileType = wrapper.framework; name = CoreGraphics.framework; path = System/Library/Frameworks/CoreGraphics.framework; sourceTree = SDKROOT; };
		513433131FAC505E00876528 /* AVFoundation.framework */ = {isa = PBXFileReference; lastKnownFileType = wrapper.framework; name = AVFoundation.framework; path = System/Library/Frameworks/AVFoundation.framework; sourceTree = SDKROOT; };
		513433151FAC506B00876528 /* AudioToolbox.framework */ = {isa = PBXFileReference; lastKnownFileType = wrapper.framework; name = AudioToolbox.framework; path = System/Library/Frameworks/AudioToolbox.framework; sourceTree = SDKROOT; };
		513433791FAC978200876528 /* libstdc++.tbd */ = {isa = PBXFileReference; lastKnownFileType = "sourcecode.text-based-dylib-definition"; name = "libstdc++.tbd"; path = "usr/lib/libstdc++.tbd"; sourceTree = SDKROOT; };
		5147AD1E1FA4271200C9A7B7 /* JHTabBarViewController.h */ = {isa = PBXFileReference; fileEncoding = 4; lastKnownFileType = sourcecode.c.h; path = JHTabBarViewController.h; sourceTree = "<group>"; };
		5147AD1F1FA4271200C9A7B7 /* JHTabBarViewController.m */ = {isa = PBXFileReference; fileEncoding = 4; lastKnownFileType = sourcecode.c.objc; path = JHTabBarViewController.m; sourceTree = "<group>"; };
		5147AD211FA4273500C9A7B7 /* JHTabBar.h */ = {isa = PBXFileReference; fileEncoding = 4; lastKnownFileType = sourcecode.c.h; path = JHTabBar.h; sourceTree = "<group>"; };
		5147AD221FA4273500C9A7B7 /* JHTabBar.m */ = {isa = PBXFileReference; fileEncoding = 4; lastKnownFileType = sourcecode.c.objc; path = JHTabBar.m; sourceTree = "<group>"; };
		5149F9071FA4357200AA5FC6 /* JHBaseViewController.h */ = {isa = PBXFileReference; fileEncoding = 4; lastKnownFileType = sourcecode.c.h; path = JHBaseViewController.h; sourceTree = "<group>"; };
		5149F9081FA4357200AA5FC6 /* JHBaseViewController.m */ = {isa = PBXFileReference; fileEncoding = 4; lastKnownFileType = sourcecode.c.objc; path = JHBaseViewController.m; sourceTree = "<group>"; };
		5149F90A1FA4359400AA5FC6 /* JHMainViewController.h */ = {isa = PBXFileReference; fileEncoding = 4; lastKnownFileType = sourcecode.c.h; path = JHMainViewController.h; sourceTree = "<group>"; };
		5149F90B1FA4359400AA5FC6 /* JHMainViewController.m */ = {isa = PBXFileReference; fileEncoding = 4; lastKnownFileType = sourcecode.c.objc; path = JHMainViewController.m; sourceTree = "<group>"; };
		5149F90C1FA4359400AA5FC6 /* JHMainViewController.xib */ = {isa = PBXFileReference; fileEncoding = 4; lastKnownFileType = file.xib; path = JHMainViewController.xib; sourceTree = "<group>"; };
		5149F90F1FA435B200AA5FC6 /* JHProfileViewController.h */ = {isa = PBXFileReference; fileEncoding = 4; lastKnownFileType = sourcecode.c.h; name = JHProfileViewController.h; path = ../../Show/Controller/JHProfileViewController.h; sourceTree = "<group>"; };
		5149F9101FA435B200AA5FC6 /* JHProfileViewController.m */ = {isa = PBXFileReference; fileEncoding = 4; lastKnownFileType = sourcecode.c.objc; name = JHProfileViewController.m; path = ../../Show/Controller/JHProfileViewController.m; sourceTree = "<group>"; };
		5149F9111FA435B200AA5FC6 /* JHProfileViewController.xib */ = {isa = PBXFileReference; fileEncoding = 4; lastKnownFileType = file.xib; name = JHProfileViewController.xib; path = ../../Show/Controller/JHProfileViewController.xib; sourceTree = "<group>"; };
		5149F9141FA4369F00AA5FC6 /* JHBaseNavViewController.h */ = {isa = PBXFileReference; fileEncoding = 4; lastKnownFileType = sourcecode.c.h; path = JHBaseNavViewController.h; sourceTree = "<group>"; };
		5149F9151FA4369F00AA5FC6 /* JHBaseNavViewController.m */ = {isa = PBXFileReference; fileEncoding = 4; lastKnownFileType = sourcecode.c.objc; path = JHBaseNavViewController.m; sourceTree = "<group>"; };
		5149F9171FA458F800AA5FC6 /* JHLaunchViewController.h */ = {isa = PBXFileReference; fileEncoding = 4; lastKnownFileType = sourcecode.c.h; path = JHLaunchViewController.h; sourceTree = "<group>"; };
		5149F9181FA458F800AA5FC6 /* JHLaunchViewController.m */ = {isa = PBXFileReference; fileEncoding = 4; lastKnownFileType = sourcecode.c.objc; path = JHLaunchViewController.m; sourceTree = "<group>"; };
		5149F9191FA458F800AA5FC6 /* JHLaunchViewController.xib */ = {isa = PBXFileReference; fileEncoding = 4; lastKnownFileType = file.xib; path = JHLaunchViewController.xib; sourceTree = "<group>"; };
		5149F91C1FA462D700AA5FC6 /* JHFocuseViewController.h */ = {isa = PBXFileReference; fileEncoding = 4; lastKnownFileType = sourcecode.c.h; path = JHFocuseViewController.h; sourceTree = "<group>"; };
		5149F91D1FA462D700AA5FC6 /* JHFocuseViewController.m */ = {isa = PBXFileReference; fileEncoding = 4; lastKnownFileType = sourcecode.c.objc; path = JHFocuseViewController.m; sourceTree = "<group>"; };
		5149F91E1FA462D700AA5FC6 /* JHFocuseViewController.xib */ = {isa = PBXFileReference; fileEncoding = 4; lastKnownFileType = file.xib; path = JHFocuseViewController.xib; sourceTree = "<group>"; };
		5149F9211FA4630F00AA5FC6 /* JHHotViewController.h */ = {isa = PBXFileReference; fileEncoding = 4; lastKnownFileType = sourcecode.c.h; path = JHHotViewController.h; sourceTree = "<group>"; };
		5149F9221FA4630F00AA5FC6 /* JHHotViewController.m */ = {isa = PBXFileReference; fileEncoding = 4; lastKnownFileType = sourcecode.c.objc; path = JHHotViewController.m; sourceTree = "<group>"; };
		5149F9231FA4630F00AA5FC6 /* JHHotViewController.xib */ = {isa = PBXFileReference; fileEncoding = 4; lastKnownFileType = file.xib; path = JHHotViewController.xib; sourceTree = "<group>"; };
		5149F9261FA4633500AA5FC6 /* JHNearViewController.h */ = {isa = PBXFileReference; fileEncoding = 4; lastKnownFileType = sourcecode.c.h; path = JHNearViewController.h; sourceTree = "<group>"; };
		5149F9271FA4633500AA5FC6 /* JHNearViewController.m */ = {isa = PBXFileReference; fileEncoding = 4; lastKnownFileType = sourcecode.c.objc; path = JHNearViewController.m; sourceTree = "<group>"; };
		5149F9281FA4633500AA5FC6 /* JHNearViewController.xib */ = {isa = PBXFileReference; fileEncoding = 4; lastKnownFileType = file.xib; path = JHNearViewController.xib; sourceTree = "<group>"; };
		5149F92B1FA4704900AA5FC6 /* JHMainTopView.h */ = {isa = PBXFileReference; fileEncoding = 4; lastKnownFileType = sourcecode.c.h; path = JHMainTopView.h; sourceTree = "<group>"; };
		5149F92C1FA4704900AA5FC6 /* JHMainTopView.m */ = {isa = PBXFileReference; fileEncoding = 4; lastKnownFileType = sourcecode.c.objc; path = JHMainTopView.m; sourceTree = "<group>"; };
		5149F92E1FA481E200AA5FC6 /* JHAPIConfig.h */ = {isa = PBXFileReference; fileEncoding = 4; lastKnownFileType = sourcecode.c.h; path = JHAPIConfig.h; sourceTree = "<group>"; };
		5149F9311FA4829E00AA5FC6 /* HttpTool.h */ = {isa = PBXFileReference; fileEncoding = 4; lastKnownFileType = sourcecode.c.h; path = HttpTool.h; sourceTree = "<group>"; };
		5149F9321FA4829E00AA5FC6 /* HttpTool.m */ = {isa = PBXFileReference; fileEncoding = 4; lastKnownFileType = sourcecode.c.objc; path = HttpTool.m; sourceTree = "<group>"; };
		5149F9331FA4829E00AA5FC6 /* UIImageView+SDWebImage.h */ = {isa = PBXFileReference; fileEncoding = 4; lastKnownFileType = sourcecode.c.h; path = "UIImageView+SDWebImage.h"; sourceTree = "<group>"; };
		5149F9341FA4829E00AA5FC6 /* UIImageView+SDWebImage.m */ = {isa = PBXFileReference; fileEncoding = 4; lastKnownFileType = sourcecode.c.objc; path = "UIImageView+SDWebImage.m"; sourceTree = "<group>"; };
		515D88581FB0AF4800C690B4 /* Accelerate.framework */ = {isa = PBXFileReference; lastKnownFileType = wrapper.framework; name = Accelerate.framework; path = System/Library/Frameworks/Accelerate.framework; sourceTree = SDKROOT; };
		515D885A1FB0AF5700C690B4 /* AssetsLibrary.framework */ = {isa = PBXFileReference; lastKnownFileType = wrapper.framework; name = AssetsLibrary.framework; path = System/Library/Frameworks/AssetsLibrary.framework; sourceTree = SDKROOT; };
		515D885C1FB0AF8200C690B4 /* CoreImage.framework */ = {isa = PBXFileReference; lastKnownFileType = wrapper.framework; name = CoreImage.framework; path = System/Library/Frameworks/CoreImage.framework; sourceTree = SDKROOT; };
		515D885E1FB0AF9300C690B4 /* CoreText.framework */ = {isa = PBXFileReference; lastKnownFileType = wrapper.framework; name = CoreText.framework; path = System/Library/Frameworks/CoreText.framework; sourceTree = SDKROOT; };
		515D88601FB0AFA700C690B4 /* ImageIO.framework */ = {isa = PBXFileReference; lastKnownFileType = wrapper.framework; name = ImageIO.framework; path = System/Library/Frameworks/ImageIO.framework; sourceTree = SDKROOT; };
		515D88621FB0AFBE00C690B4 /* Security.framework */ = {isa = PBXFileReference; lastKnownFileType = wrapper.framework; name = Security.framework; path = System/Library/Frameworks/Security.framework; sourceTree = SDKROOT; };
		515D88641FB0AFCD00C690B4 /* SystemConfiguration.framework */ = {isa = PBXFileReference; lastKnownFileType = wrapper.framework; name = SystemConfiguration.framework; path = System/Library/Frameworks/SystemConfiguration.framework; sourceTree = SDKROOT; };
		517A9DC21FA4116000906662 /* YKZB_iOS.app */ = {isa = PBXFileReference; explicitFileType = wrapper.application; includeInIndex = 0; path = YKZB_iOS.app; sourceTree = BUILT_PRODUCTS_DIR; };
		517A9DC61FA4116000906662 /* main.m */ = {isa = PBXFileReference; lastKnownFileType = sourcecode.c.objc; path = main.m; sourceTree = "<group>"; };
		517A9DC81FA4116000906662 /* AppDelegate.h */ = {isa = PBXFileReference; lastKnownFileType = sourcecode.c.h; path = AppDelegate.h; sourceTree = "<group>"; };
		517A9DC91FA4116000906662 /* AppDelegate.m */ = {isa = PBXFileReference; lastKnownFileType = sourcecode.c.objc; path = AppDelegate.m; sourceTree = "<group>"; };
		517A9DCF1FA4116000906662 /* Base */ = {isa = PBXFileReference; lastKnownFileType = file.storyboard; name = Base; path = Base.lproj/Main.storyboard; sourceTree = "<group>"; };
		517A9DD11FA4116000906662 /* Assets.xcassets */ = {isa = PBXFileReference; lastKnownFileType = folder.assetcatalog; path = Assets.xcassets; sourceTree = "<group>"; };
		517A9DD41FA4116000906662 /* Base */ = {isa = PBXFileReference; lastKnownFileType = file.storyboard; name = Base; path = Base.lproj/LaunchScreen.storyboard; sourceTree = "<group>"; };
		517A9DD61FA4116000906662 /* Info.plist */ = {isa = PBXFileReference; lastKnownFileType = text.plist.xml; path = Info.plist; sourceTree = "<group>"; };
		517A9DDB1FA4116000906662 /* YKZB_iOSTests.xctest */ = {isa = PBXFileReference; explicitFileType = wrapper.cfbundle; includeInIndex = 0; path = YKZB_iOSTests.xctest; sourceTree = BUILT_PRODUCTS_DIR; };
		517A9DDF1FA4116000906662 /* YKZB_iOSTests.m */ = {isa = PBXFileReference; lastKnownFileType = sourcecode.c.objc; path = YKZB_iOSTests.m; sourceTree = "<group>"; };
		517A9DE11FA4116000906662 /* Info.plist */ = {isa = PBXFileReference; lastKnownFileType = text.plist.xml; path = Info.plist; sourceTree = "<group>"; };
		517A9E071FA41AB300906662 /* YKZB.pch */ = {isa = PBXFileReference; lastKnownFileType = sourcecode.c.h; path = YKZB.pch; sourceTree = "<group>"; };
		517A9E0B1FA424AA00906662 /* JHMacros.h */ = {isa = PBXFileReference; lastKnownFileType = sourcecode.c.h; path = JHMacros.h; sourceTree = "<group>"; };
		51AC6C191FAAF4460084A2E9 /* JHAdvertiseView.h */ = {isa = PBXFileReference; fileEncoding = 4; lastKnownFileType = sourcecode.c.h; path = JHAdvertiseView.h; sourceTree = "<group>"; };
		51AC6C1A1FAAF4460084A2E9 /* JHAdvertiseView.m */ = {isa = PBXFileReference; fileEncoding = 4; lastKnownFileType = sourcecode.c.objc; path = JHAdvertiseView.m; sourceTree = "<group>"; };
		51AC6C1C1FAAF4740084A2E9 /* JHAdvertiseView.xib */ = {isa = PBXFileReference; fileEncoding = 4; lastKnownFileType = file.xib; path = JHAdvertiseView.xib; sourceTree = "<group>"; };
		51AC6C1E1FAAFFE00084A2E9 /* JHCacheHelper.h */ = {isa = PBXFileReference; fileEncoding = 4; lastKnownFileType = sourcecode.c.h; path = JHCacheHelper.h; sourceTree = "<group>"; };
		51AC6C1F1FAAFFE00084A2E9 /* JHCacheHelper.m */ = {isa = PBXFileReference; fileEncoding = 4; lastKnownFileType = sourcecode.c.objc; path = JHCacheHelper.m; sourceTree = "<group>"; };
		51B597901FA56D600089D6B1 /* JHBaseHandler.h */ = {isa = PBXFileReference; fileEncoding = 4; lastKnownFileType = sourcecode.c.h; path = JHBaseHandler.h; sourceTree = "<group>"; };
		51B597911FA56D600089D6B1 /* JHBaseHandler.m */ = {isa = PBXFileReference; fileEncoding = 4; lastKnownFileType = sourcecode.c.objc; path = JHBaseHandler.m; sourceTree = "<group>"; };
		51B597931FA56E8F0089D6B1 /* JHLiveHandler.h */ = {isa = PBXFileReference; fileEncoding = 4; lastKnownFileType = sourcecode.c.h; path = JHLiveHandler.h; sourceTree = "<group>"; };
		51B597941FA56E8F0089D6B1 /* JHLiveHandler.m */ = {isa = PBXFileReference; fileEncoding = 4; lastKnownFileType = sourcecode.c.objc; path = JHLiveHandler.m; sourceTree = "<group>"; };
		51B597961FA573A10089D6B1 /* Foundation+Log.m */ = {isa = PBXFileReference; fileEncoding = 4; lastKnownFileType = sourcecode.c.objc; name = "Foundation+Log.m"; path = "Classes/Show/View/Foundation+Log.m"; sourceTree = "<group>"; };
		51B597981FA578610089D6B1 /* JHLive.h */ = {isa = PBXFileReference; fileEncoding = 4; lastKnownFileType = sourcecode.c.h; path = JHLive.h; sourceTree = "<group>"; };
		51B597991FA578610089D6B1 /* JHLive.m */ = {isa = PBXFileReference; fileEncoding = 4; lastKnownFileType = sourcecode.c.objc; path = JHLive.m; sourceTree = "<group>"; };
		51B5979B1FA578B20089D6B1 /* JHCreator.h */ = {isa = PBXFileReference; fileEncoding = 4; lastKnownFileType = sourcecode.c.h; path = JHCreator.h; sourceTree = "<group>"; };
		51B5979C1FA578B20089D6B1 /* JHCreator.m */ = {isa = PBXFileReference; fileEncoding = 4; lastKnownFileType = sourcecode.c.objc; path = JHCreator.m; sourceTree = "<group>"; };
		51B5979E1FA57BA60089D6B1 /* MJExtensionConfig.h */ = {isa = PBXFileReference; fileEncoding = 4; lastKnownFileType = sourcecode.c.h; path = MJExtensionConfig.h; sourceTree = "<group>"; };
		51B5979F1FA57BA60089D6B1 /* MJExtensionConfig.m */ = {isa = PBXFileReference; fileEncoding = 4; lastKnownFileType = sourcecode.c.objc; path = MJExtensionConfig.m; sourceTree = "<group>"; };
		51BE0D391FA85B63007E0E59 /* JHLiveChatViewController.h */ = {isa = PBXFileReference; fileEncoding = 4; lastKnownFileType = sourcecode.c.h; path = JHLiveChatViewController.h; sourceTree = "<group>"; };
		51BE0D3A1FA85B63007E0E59 /* JHLiveChatViewController.m */ = {isa = PBXFileReference; fileEncoding = 4; lastKnownFileType = sourcecode.c.objc; path = JHLiveChatViewController.m; sourceTree = "<group>"; };
		51BE0D3B1FA85B63007E0E59 /* JHLiveChatViewController.xib */ = {isa = PBXFileReference; fileEncoding = 4; lastKnownFileType = file.xib; path = JHLiveChatViewController.xib; sourceTree = "<group>"; };
		51BE0D3E1FA87825007E0E59 /* JHLocationManager.h */ = {isa = PBXFileReference; fileEncoding = 4; lastKnownFileType = sourcecode.c.h; path = JHLocationManager.h; sourceTree = "<group>"; };
		51BE0D3F1FA87825007E0E59 /* JHLocationManager.m */ = {isa = PBXFileReference; fileEncoding = 4; lastKnownFileType = sourcecode.c.objc; path = JHLocationManager.m; sourceTree = "<group>"; };
		51BE0D411FA878FC007E0E59 /* CoreLocation.framework */ = {isa = PBXFileReference; lastKnownFileType = wrapper.framework; name = CoreLocation.framework; path = System/Library/Frameworks/CoreLocation.framework; sourceTree = SDKROOT; };
		51C5E5D11FA9C45E0012CCAC /* JHFlow.h */ = {isa = PBXFileReference; fileEncoding = 4; lastKnownFileType = sourcecode.c.h; path = JHFlow.h; sourceTree = "<group>"; };
		51C5E5D21FA9C45E0012CCAC /* JHFlow.m */ = {isa = PBXFileReference; fileEncoding = 4; lastKnownFileType = sourcecode.c.objc; path = JHFlow.m; sourceTree = "<group>"; };
		51C5E5D41FA9C4710012CCAC /* JHInfo.h */ = {isa = PBXFileReference; fileEncoding = 4; lastKnownFileType = sourcecode.c.h; path = JHInfo.h; sourceTree = "<group>"; };
		51C5E5D51FA9C4710012CCAC /* JHInfo.m */ = {isa = PBXFileReference; fileEncoding = 4; lastKnownFileType = sourcecode.c.objc; path = JHInfo.m; sourceTree = "<group>"; };
		51C5E5D71FA9C4C90012CCAC /* JHActInfo.h */ = {isa = PBXFileReference; fileEncoding = 4; lastKnownFileType = sourcecode.c.h; path = JHActInfo.h; sourceTree = "<group>"; };
		51C5E5D81FA9C4C90012CCAC /* JHActInfo.m */ = {isa = PBXFileReference; fileEncoding = 4; lastKnownFileType = sourcecode.c.objc; path = JHActInfo.m; sourceTree = "<group>"; };
		51C5E5DA1FA9C5090012CCAC /* JHExtra.h */ = {isa = PBXFileReference; fileEncoding = 4; lastKnownFileType = sourcecode.c.h; path = JHExtra.h; sourceTree = "<group>"; };
		51C5E5DB1FA9C5090012CCAC /* JHExtra.m */ = {isa = PBXFileReference; fileEncoding = 4; lastKnownFileType = sourcecode.c.objc; path = JHExtra.m; sourceTree = "<group>"; };
		51C5E5DD1FA9C5790012CCAC /* JHFCreator.h */ = {isa = PBXFileReference; fileEncoding = 4; lastKnownFileType = sourcecode.c.h; path = JHFCreator.h; sourceTree = "<group>"; };
		51C5E5DE1FA9C5790012CCAC /* JHFCreator.m */ = {isa = PBXFileReference; fileEncoding = 4; lastKnownFileType = sourcecode.c.objc; path = JHFCreator.m; sourceTree = "<group>"; };
		51C5E5E21FA9FC4D0012CCAC /* JHNearLiveCell.h */ = {isa = PBXFileReference; fileEncoding = 4; lastKnownFileType = sourcecode.c.h; path = JHNearLiveCell.h; sourceTree = "<group>"; };
		51C5E5E31FA9FC4D0012CCAC /* JHNearLiveCell.m */ = {isa = PBXFileReference; fileEncoding = 4; lastKnownFileType = sourcecode.c.objc; path = JHNearLiveCell.m; sourceTree = "<group>"; };
		51C5E5E41FA9FC4D0012CCAC /* JHNearLiveCell.xib */ = {isa = PBXFileReference; fileEncoding = 4; lastKnownFileType = file.xib; path = JHNearLiveCell.xib; sourceTree = "<group>"; };
		51CF48751FA5AD3B00179AF5 /* JHLiveCell.h */ = {isa = PBXFileReference; fileEncoding = 4; lastKnownFileType = sourcecode.c.h; path = JHLiveCell.h; sourceTree = "<group>"; };
		51CF48761FA5AD3B00179AF5 /* JHLiveCell.m */ = {isa = PBXFileReference; fileEncoding = 4; lastKnownFileType = sourcecode.c.objc; path = JHLiveCell.m; sourceTree = "<group>"; };
		51CF48771FA5AD3B00179AF5 /* JHLiveCell.xib */ = {isa = PBXFileReference; fileEncoding = 4; lastKnownFileType = file.xib; path = JHLiveCell.xib; sourceTree = "<group>"; };
		51CF48861FA6D21500179AF5 /* libbz2.tbd */ = {isa = PBXFileReference; lastKnownFileType = "sourcecode.text-based-dylib-definition"; name = libbz2.tbd; path = usr/lib/libbz2.tbd; sourceTree = SDKROOT; };
		51CF48881FA6D21E00179AF5 /* libz.tbd */ = {isa = PBXFileReference; lastKnownFileType = "sourcecode.text-based-dylib-definition"; name = libz.tbd; path = usr/lib/libz.tbd; sourceTree = SDKROOT; };
		51CF48961FA6D8F600179AF5 /* JHPlayerViewController.h */ = {isa = PBXFileReference; fileEncoding = 4; lastKnownFileType = sourcecode.c.h; path = JHPlayerViewController.h; sourceTree = "<group>"; };
		51CF48971FA6D8F600179AF5 /* JHPlayerViewController.m */ = {isa = PBXFileReference; fileEncoding = 4; lastKnownFileType = sourcecode.c.objc; path = JHPlayerViewController.m; sourceTree = "<group>"; };
		5B0930B595E04A94A37894EE /* libPods-YKZB_iOSTests.a */ = {isa = PBXFileReference; explicitFileType = archive.ar; includeInIndex = 0; path = "libPods-YKZB_iOSTests.a"; sourceTree = BUILT_PRODUCTS_DIR; };
		5C01E2CC51AB2AB2E4B6500C /* libPods-YKZB_iOS.a */ = {isa = PBXFileReference; explicitFileType = archive.ar; includeInIndex = 0; path = "libPods-YKZB_iOS.a"; sourceTree = BUILT_PRODUCTS_DIR; };
		796EDEB7B7C668933D55E79C /* Pods-YKZB_iOS.debug.xcconfig */ = {isa = PBXFileReference; includeInIndex = 1; lastKnownFileType = text.xcconfig; name = "Pods-YKZB_iOS.debug.xcconfig"; path = "Pods/Target Support Files/Pods-YKZB_iOS/Pods-YKZB_iOS.debug.xcconfig"; sourceTree = "<group>"; };
		AF3EA99151A0A04AD1622140 /* Pods-YKZB_iOSTests.debug.xcconfig */ = {isa = PBXFileReference; includeInIndex = 1; lastKnownFileType = text.xcconfig; name = "Pods-YKZB_iOSTests.debug.xcconfig"; path = "Pods/Target Support Files/Pods-YKZB_iOSTests/Pods-YKZB_iOSTests.debug.xcconfig"; sourceTree = "<group>"; };
		F0F88472891B9821D0F5F867 /* Pods-YKZB_iOS.release.xcconfig */ = {isa = PBXFileReference; includeInIndex = 1; lastKnownFileType = text.xcconfig; name = "Pods-YKZB_iOS.release.xcconfig"; path = "Pods/Target Support Files/Pods-YKZB_iOS/Pods-YKZB_iOS.release.xcconfig"; sourceTree = "<group>"; };
/* End PBXFileReference section */

/* Begin PBXFrameworksBuildPhase section */
		517A9DBF1FA4116000906662 /* Frameworks */ = {
			isa = PBXFrameworksBuildPhase;
			buildActionMask = 2147483647;
			files = (
				515D88651FB0AFCD00C690B4 /* SystemConfiguration.framework in Frameworks */,
				515D88631FB0AFBF00C690B4 /* Security.framework in Frameworks */,
				515D88611FB0AFA800C690B4 /* ImageIO.framework in Frameworks */,
				515D885F1FB0AF9400C690B4 /* CoreText.framework in Frameworks */,
				515D885D1FB0AF8300C690B4 /* CoreImage.framework in Frameworks */,
				515D885B1FB0AF5700C690B4 /* AssetsLibrary.framework in Frameworks */,
				515D88591FB0AF4900C690B4 /* Accelerate.framework in Frameworks */,
				5134337A1FAC978200876528 /* libstdc++.tbd in Frameworks */,
				513433161FAC506B00876528 /* AudioToolbox.framework in Frameworks */,
				513433141FAC505E00876528 /* AVFoundation.framework in Frameworks */,
				513433121FAC504F00876528 /* CoreGraphics.framework in Frameworks */,
				513433101FAC504100876528 /* CoreMedia.framework in Frameworks */,
				5134330E1FAC503000876528 /* CoreVideo.framework in Frameworks */,
				5134330C1FAC502000876528 /* MediaPlayer.framework in Frameworks */,
				5134330A1FAC501600876528 /* MobileCoreServices.framework in Frameworks */,
				513433081FAC500800876528 /* OpenGLES.framework in Frameworks */,
				513433061FAC4FEE00876528 /* QuartzCore.framework in Frameworks */,
				513433041FAC4FDE00876528 /* UIKit.framework in Frameworks */,
				513433021FAC4FD600876528 /* VideoToolbox.framework in Frameworks */,
				51BE0D421FA878FC007E0E59 /* CoreLocation.framework in Frameworks */,
				51CF48891FA6D21E00179AF5 /* libz.tbd in Frameworks */,
				51CF48871FA6D21500179AF5 /* libbz2.tbd in Frameworks */,
				513433001FAC4FB500876528 /* IJKMediaFramework.framework in Frameworks */,
				FDD962F4AC4C6410A46A2226 /* libPods-YKZB_iOS.a in Frameworks */,
			);
			runOnlyForDeploymentPostprocessing = 0;
		};
		517A9DD81FA4116000906662 /* Frameworks */ = {
			isa = PBXFrameworksBuildPhase;
			buildActionMask = 2147483647;
			files = (
				5BC821C1945D5302AE23C54F /* libPods-YKZB_iOSTests.a in Frameworks */,
			);
			runOnlyForDeploymentPostprocessing = 0;
		};
/* End PBXFrameworksBuildPhase section */

/* Begin PBXGroup section */
		511F49A41FAC003200268612 /* 录播 */ = {
			isa = PBXGroup;
			children = (
				511F49A51FAC005100268612 /* LFLivePreview.h */,
				511F49A61FAC005100268612 /* LFLivePreview.m */,
			);
			name = "录播";
			sourceTree = "<group>";
		};
		517A9DB91FA4116000906662 = {
			isa = PBXGroup;
			children = (
				517A9DC41FA4116000906662 /* YKZB_iOS */,
				517A9DDE1FA4116000906662 /* YKZB_iOSTests */,
				517A9DC31FA4116000906662 /* Products */,
				8B3ACB0503FD3454F4226061 /* Pods */,
				88A7EE49287FD72E5F854473 /* Frameworks */,
			);
			sourceTree = "<group>";
		};
		517A9DC31FA4116000906662 /* Products */ = {
			isa = PBXGroup;
			children = (
				517A9DC21FA4116000906662 /* YKZB_iOS.app */,
				517A9DDB1FA4116000906662 /* YKZB_iOSTests.xctest */,
			);
			name = Products;
			sourceTree = "<group>";
		};
		517A9DC41FA4116000906662 /* YKZB_iOS */ = {
			isa = PBXGroup;
			children = (
				517A9DEA1FA4140300906662 /* Classes */,
				517A9DC81FA4116000906662 /* AppDelegate.h */,
				517A9DC91FA4116000906662 /* AppDelegate.m */,
				517A9DCE1FA4116000906662 /* Main.storyboard */,
				517A9E071FA41AB300906662 /* YKZB.pch */,
				51B597961FA573A10089D6B1 /* Foundation+Log.m */,
				517A9DD11FA4116000906662 /* Assets.xcassets */,
				517A9DD31FA4116000906662 /* LaunchScreen.storyboard */,
				517A9DD61FA4116000906662 /* Info.plist */,
				517A9DC51FA4116000906662 /* Supporting Files */,
			);
			path = YKZB_iOS;
			sourceTree = "<group>";
		};
		517A9DC51FA4116000906662 /* Supporting Files */ = {
			isa = PBXGroup;
			children = (
				517A9DC61FA4116000906662 /* main.m */,
			);
			name = "Supporting Files";
			sourceTree = "<group>";
		};
		517A9DDE1FA4116000906662 /* YKZB_iOSTests */ = {
			isa = PBXGroup;
			children = (
				517A9DDF1FA4116000906662 /* YKZB_iOSTests.m */,
				517A9DE11FA4116000906662 /* Info.plist */,
			);
			path = YKZB_iOSTests;
			sourceTree = "<group>";
		};
		517A9DEA1FA4140300906662 /* Classes */ = {
			isa = PBXGroup;
			children = (
				517A9DEB1FA4140300906662 /* Base */,
				517A9DEC1FA4140300906662 /* Helper */,
				517A9DEF1FA4140300906662 /* Launch */,
				517A9DF41FA4140300906662 /* Lib */,
				517A9DF51FA4140300906662 /* Live */,
				517A9DFA1FA4140300906662 /* NetWorking */,
				517A9DFB1FA4140300906662 /* Other */,
				517A9DFC1FA4140300906662 /* Profile */,
				517A9E011FA4140300906662 /* Show */,
			);
			path = Classes;
			sourceTree = "<group>";
		};
		517A9DEB1FA4140300906662 /* Base */ = {
			isa = PBXGroup;
			children = (
				5147AD1E1FA4271200C9A7B7 /* JHTabBarViewController.h */,
				5147AD1F1FA4271200C9A7B7 /* JHTabBarViewController.m */,
				5147AD211FA4273500C9A7B7 /* JHTabBar.h */,
				5147AD221FA4273500C9A7B7 /* JHTabBar.m */,
				5149F9071FA4357200AA5FC6 /* JHBaseViewController.h */,
				5149F9081FA4357200AA5FC6 /* JHBaseViewController.m */,
				5149F9141FA4369F00AA5FC6 /* JHBaseNavViewController.h */,
				5149F9151FA4369F00AA5FC6 /* JHBaseNavViewController.m */,
				51B597901FA56D600089D6B1 /* JHBaseHandler.h */,
				51B597911FA56D600089D6B1 /* JHBaseHandler.m */,
			);
			path = Base;
			sourceTree = "<group>";
		};
		517A9DEC1FA4140300906662 /* Helper */ = {
			isa = PBXGroup;
			children = (
				517A9DED1FA4140300906662 /* Categry */,
				517A9DEE1FA4140300906662 /* Tools */,
			);
			path = Helper;
			sourceTree = "<group>";
		};
		517A9DED1FA4140300906662 /* Categry */ = {
			isa = PBXGroup;
			children = (
			);
			path = Categry;
			sourceTree = "<group>";
		};
		517A9DEE1FA4140300906662 /* Tools */ = {
			isa = PBXGroup;
			children = (
				51BE0D3E1FA87825007E0E59 /* JHLocationManager.h */,
				51BE0D3F1FA87825007E0E59 /* JHLocationManager.m */,
				51AC6C1E1FAAFFE00084A2E9 /* JHCacheHelper.h */,
				51AC6C1F1FAAFFE00084A2E9 /* JHCacheHelper.m */,
			);
			path = Tools;
			sourceTree = "<group>";
		};
		517A9DEF1FA4140300906662 /* Launch */ = {
			isa = PBXGroup;
			children = (
				517A9DF01FA4140300906662 /* Controller */,
				517A9DF11FA4140300906662 /* Handler */,
				517A9DF21FA4140300906662 /* Model */,
				517A9DF31FA4140300906662 /* View */,
			);
			path = Launch;
			sourceTree = "<group>";
		};
		517A9DF01FA4140300906662 /* Controller */ = {
			isa = PBXGroup;
			children = (
			);
			path = Controller;
			sourceTree = "<group>";
		};
		517A9DF11FA4140300906662 /* Handler */ = {
			isa = PBXGroup;
			children = (
			);
			path = Handler;
			sourceTree = "<group>";
		};
		517A9DF21FA4140300906662 /* Model */ = {
			isa = PBXGroup;
			children = (
			);
			path = Model;
			sourceTree = "<group>";
		};
		517A9DF31FA4140300906662 /* View */ = {
			isa = PBXGroup;
			children = (
			);
			path = View;
			sourceTree = "<group>";
		};
		517A9DF41FA4140300906662 /* Lib */ = {
			isa = PBXGroup;
			children = (
			);
			path = Lib;
			sourceTree = "<group>";
		};
		517A9DF51FA4140300906662 /* Live */ = {
			isa = PBXGroup;
			children = (
				517A9DF61FA4140300906662 /* Controller */,
				517A9DF71FA4140300906662 /* Handler */,
				517A9DF81FA4140300906662 /* Model */,
				517A9DF91FA4140300906662 /* View */,
			);
			path = Live;
			sourceTree = "<group>";
		};
		517A9DF61FA4140300906662 /* Controller */ = {
			isa = PBXGroup;
			children = (
				5149F9171FA458F800AA5FC6 /* JHLaunchViewController.h */,
				5149F9181FA458F800AA5FC6 /* JHLaunchViewController.m */,
				5149F9191FA458F800AA5FC6 /* JHLaunchViewController.xib */,
			);
			path = Controller;
			sourceTree = "<group>";
		};
		517A9DF71FA4140300906662 /* Handler */ = {
			isa = PBXGroup;
			children = (
			);
			path = Handler;
			sourceTree = "<group>";
		};
		517A9DF81FA4140300906662 /* Model */ = {
			isa = PBXGroup;
			children = (
			);
			path = Model;
			sourceTree = "<group>";
		};
		517A9DF91FA4140300906662 /* View */ = {
			isa = PBXGroup;
			children = (
			);
			path = View;
			sourceTree = "<group>";
		};
		517A9DFA1FA4140300906662 /* NetWorking */ = {
			isa = PBXGroup;
			children = (
				5149F92E1FA481E200AA5FC6 /* JHAPIConfig.h */,
				5149F9311FA4829E00AA5FC6 /* HttpTool.h */,
				5149F9321FA4829E00AA5FC6 /* HttpTool.m */,
				5149F9331FA4829E00AA5FC6 /* UIImageView+SDWebImage.h */,
				5149F9341FA4829E00AA5FC6 /* UIImageView+SDWebImage.m */,
			);
			path = NetWorking;
			sourceTree = "<group>";
		};
		517A9DFB1FA4140300906662 /* Other */ = {
			isa = PBXGroup;
			children = (
				517A9E0B1FA424AA00906662 /* JHMacros.h */,
				51B5979E1FA57BA60089D6B1 /* MJExtensionConfig.h */,
				51B5979F1FA57BA60089D6B1 /* MJExtensionConfig.m */,
			);
			path = Other;
			sourceTree = "<group>";
		};
		517A9DFC1FA4140300906662 /* Profile */ = {
			isa = PBXGroup;
			children = (
				517A9DFD1FA4140300906662 /* Controller */,
				517A9DFE1FA4140300906662 /* Handler */,
				517A9DFF1FA4140300906662 /* Model */,
				517A9E001FA4140300906662 /* View */,
			);
			path = Profile;
			sourceTree = "<group>";
		};
		517A9DFD1FA4140300906662 /* Controller */ = {
			isa = PBXGroup;
			children = (
				5149F90F1FA435B200AA5FC6 /* JHProfileViewController.h */,
				5149F9101FA435B200AA5FC6 /* JHProfileViewController.m */,
				5149F9111FA435B200AA5FC6 /* JHProfileViewController.xib */,
			);
			path = Controller;
			sourceTree = "<group>";
		};
		517A9DFE1FA4140300906662 /* Handler */ = {
			isa = PBXGroup;
			children = (
			);
			path = Handler;
			sourceTree = "<group>";
		};
		517A9DFF1FA4140300906662 /* Model */ = {
			isa = PBXGroup;
			children = (
			);
			path = Model;
			sourceTree = "<group>";
		};
		517A9E001FA4140300906662 /* View */ = {
			isa = PBXGroup;
			children = (
			);
			path = View;
			sourceTree = "<group>";
		};
		517A9E011FA4140300906662 /* Show */ = {
			isa = PBXGroup;
			children = (
				517A9E041FA4140300906662 /* Model */,
				517A9E051FA4140300906662 /* View */,
				517A9E021FA4140300906662 /* Controller */,
				517A9E031FA4140300906662 /* Handler */,
			);
			path = Show;
			sourceTree = "<group>";
		};
		517A9E021FA4140300906662 /* Controller */ = {
			isa = PBXGroup;
			children = (
				5149F90A1FA4359400AA5FC6 /* JHMainViewController.h */,
				5149F90B1FA4359400AA5FC6 /* JHMainViewController.m */,
				5149F90C1FA4359400AA5FC6 /* JHMainViewController.xib */,
				51CF489C1FA6D92800179AF5 /* 关注 */,
				51CF489B1FA6D91700179AF5 /* 热门直播 */,
				51CF489A1FA6D90900179AF5 /* 附近 */,
				51CF48991FA6D8F900179AF5 /* 播放 */,
				51BE0D381FA857FE007E0E59 /* 直播聊天 */,
			);
			path = Controller;
			sourceTree = "<group>";
		};
		517A9E031FA4140300906662 /* Handler */ = {
			isa = PBXGroup;
			children = (
				51B597931FA56E8F0089D6B1 /* JHLiveHandler.h */,
				51B597941FA56E8F0089D6B1 /* JHLiveHandler.m */,
			);
			path = Handler;
			sourceTree = "<group>";
		};
		517A9E041FA4140300906662 /* Model */ = {
			isa = PBXGroup;
			children = (
				51C5E5CD1FA9BF5A0012CCAC /* 附近的人 */,
				51C5E5CC1FA9BF4B0012CCAC /* 热门直播 */,
			);
			path = Model;
			sourceTree = "<group>";
		};
		517A9E051FA4140300906662 /* View */ = {
			isa = PBXGroup;
			children = (
				5149F92B1FA4704900AA5FC6 /* JHMainTopView.h */,
				5149F92C1FA4704900AA5FC6 /* JHMainTopView.m */,
				511F49A41FAC003200268612 /* 录播 */,
				51AC6C181FAAF4040084A2E9 /* 广告页 */,
				51C5E5E01FA9FBFE0012CCAC /* 热门直播 */,
				51C5E5E11FA9FC110012CCAC /* 附近直播 */,
			);
			path = View;
			sourceTree = "<group>";
		};
		51AC6C181FAAF4040084A2E9 /* 广告页 */ = {
			isa = PBXGroup;
			children = (
				51AC6C191FAAF4460084A2E9 /* JHAdvertiseView.h */,
				51AC6C1A1FAAF4460084A2E9 /* JHAdvertiseView.m */,
				51AC6C1C1FAAF4740084A2E9 /* JHAdvertiseView.xib */,
			);
			name = "广告页";
			sourceTree = "<group>";
		};
		51BE0D381FA857FE007E0E59 /* 直播聊天 */ = {
			isa = PBXGroup;
			children = (
				51BE0D391FA85B63007E0E59 /* JHLiveChatViewController.h */,
				51BE0D3A1FA85B63007E0E59 /* JHLiveChatViewController.m */,
				51BE0D3B1FA85B63007E0E59 /* JHLiveChatViewController.xib */,
			);
			name = "直播聊天";
			sourceTree = "<group>";
		};
		51C5E5CC1FA9BF4B0012CCAC /* 热门直播 */ = {
			isa = PBXGroup;
			children = (
				51B597981FA578610089D6B1 /* JHLive.h */,
				51B597991FA578610089D6B1 /* JHLive.m */,
				51B5979B1FA578B20089D6B1 /* JHCreator.h */,
				51B5979C1FA578B20089D6B1 /* JHCreator.m */,
			);
			name = "热门直播";
			sourceTree = "<group>";
		};
		51C5E5CD1FA9BF5A0012CCAC /* 附近的人 */ = {
			isa = PBXGroup;
			children = (
				51C5E5D11FA9C45E0012CCAC /* JHFlow.h */,
				51C5E5D21FA9C45E0012CCAC /* JHFlow.m */,
				51C5E5D41FA9C4710012CCAC /* JHInfo.h */,
				51C5E5D51FA9C4710012CCAC /* JHInfo.m */,
				51C5E5D71FA9C4C90012CCAC /* JHActInfo.h */,
				51C5E5D81FA9C4C90012CCAC /* JHActInfo.m */,
				51C5E5DA1FA9C5090012CCAC /* JHExtra.h */,
				51C5E5DB1FA9C5090012CCAC /* JHExtra.m */,
				51C5E5DD1FA9C5790012CCAC /* JHFCreator.h */,
				51C5E5DE1FA9C5790012CCAC /* JHFCreator.m */,
			);
			name = "附近的人";
			sourceTree = "<group>";
		};
		51C5E5E01FA9FBFE0012CCAC /* 热门直播 */ = {
			isa = PBXGroup;
			children = (
				51CF48751FA5AD3B00179AF5 /* JHLiveCell.h */,
				51CF48761FA5AD3B00179AF5 /* JHLiveCell.m */,
				51CF48771FA5AD3B00179AF5 /* JHLiveCell.xib */,
			);
			name = "热门直播";
			sourceTree = "<group>";
		};
		51C5E5E11FA9FC110012CCAC /* 附近直播 */ = {
			isa = PBXGroup;
			children = (
				51C5E5E21FA9FC4D0012CCAC /* JHNearLiveCell.h */,
				51C5E5E31FA9FC4D0012CCAC /* JHNearLiveCell.m */,
				51C5E5E41FA9FC4D0012CCAC /* JHNearLiveCell.xib */,
			);
			name = "附近直播";
			sourceTree = "<group>";
		};
		51CF48991FA6D8F900179AF5 /* 播放 */ = {
			isa = PBXGroup;
			children = (
				51CF48961FA6D8F600179AF5 /* JHPlayerViewController.h */,
				51CF48971FA6D8F600179AF5 /* JHPlayerViewController.m */,
			);
			name = "播放";
			sourceTree = "<group>";
		};
		51CF489A1FA6D90900179AF5 /* 附近 */ = {
			isa = PBXGroup;
			children = (
				5149F9261FA4633500AA5FC6 /* JHNearViewController.h */,
				5149F9271FA4633500AA5FC6 /* JHNearViewController.m */,
				5149F9281FA4633500AA5FC6 /* JHNearViewController.xib */,
			);
			name = "附近";
			sourceTree = "<group>";
		};
		51CF489B1FA6D91700179AF5 /* 热门直播 */ = {
			isa = PBXGroup;
			children = (
				5149F9211FA4630F00AA5FC6 /* JHHotViewController.h */,
				5149F9221FA4630F00AA5FC6 /* JHHotViewController.m */,
				5149F9231FA4630F00AA5FC6 /* JHHotViewController.xib */,
			);
			name = "热门直播";
			sourceTree = "<group>";
		};
		51CF489C1FA6D92800179AF5 /* 关注 */ = {
			isa = PBXGroup;
			children = (
				5149F91C1FA462D700AA5FC6 /* JHFocuseViewController.h */,
				5149F91D1FA462D700AA5FC6 /* JHFocuseViewController.m */,
				5149F91E1FA462D700AA5FC6 /* JHFocuseViewController.xib */,
			);
			name = "关注";
			sourceTree = "<group>";
		};
		88A7EE49287FD72E5F854473 /* Frameworks */ = {
			isa = PBXGroup;
			children = (
				515D88641FB0AFCD00C690B4 /* SystemConfiguration.framework */,
				515D88621FB0AFBE00C690B4 /* Security.framework */,
				515D88601FB0AFA700C690B4 /* ImageIO.framework */,
				515D885E1FB0AF9300C690B4 /* CoreText.framework */,
				515D885C1FB0AF8200C690B4 /* CoreImage.framework */,
				515D885A1FB0AF5700C690B4 /* AssetsLibrary.framework */,
				515D88581FB0AF4800C690B4 /* Accelerate.framework */,
				513433791FAC978200876528 /* libstdc++.tbd */,
				513433151FAC506B00876528 /* AudioToolbox.framework */,
				513433131FAC505E00876528 /* AVFoundation.framework */,
				513433111FAC504F00876528 /* CoreGraphics.framework */,
				5134330F1FAC504100876528 /* CoreMedia.framework */,
				5134330D1FAC503000876528 /* CoreVideo.framework */,
				5134330B1FAC502000876528 /* MediaPlayer.framework */,
				513433091FAC501600876528 /* MobileCoreServices.framework */,
				513433071FAC500800876528 /* OpenGLES.framework */,
				513433051FAC4FEE00876528 /* QuartzCore.framework */,
				513433031FAC4FDE00876528 /* UIKit.framework */,
				513433011FAC4FD600876528 /* VideoToolbox.framework */,
				513432FF1FAC4FB500876528 /* IJKMediaFramework.framework */,
				51BE0D411FA878FC007E0E59 /* CoreLocation.framework */,
				51CF48881FA6D21E00179AF5 /* libz.tbd */,
				51CF48861FA6D21500179AF5 /* libbz2.tbd */,
				5C01E2CC51AB2AB2E4B6500C /* libPods-YKZB_iOS.a */,
				5B0930B595E04A94A37894EE /* libPods-YKZB_iOSTests.a */,
			);
			name = Frameworks;
			sourceTree = "<group>";
		};
		8B3ACB0503FD3454F4226061 /* Pods */ = {
			isa = PBXGroup;
			children = (
				796EDEB7B7C668933D55E79C /* Pods-YKZB_iOS.debug.xcconfig */,
				F0F88472891B9821D0F5F867 /* Pods-YKZB_iOS.release.xcconfig */,
				AF3EA99151A0A04AD1622140 /* Pods-YKZB_iOSTests.debug.xcconfig */,
				43F46EDC8F08255AE95BFF98 /* Pods-YKZB_iOSTests.release.xcconfig */,
			);
			name = Pods;
			sourceTree = "<group>";
		};
/* End PBXGroup section */

/* Begin PBXNativeTarget section */
		517A9DC11FA4116000906662 /* YKZB_iOS */ = {
			isa = PBXNativeTarget;
			buildConfigurationList = 517A9DE41FA4116000906662 /* Build configuration list for PBXNativeTarget "YKZB_iOS" */;
			buildPhases = (
				78FFBE283E608E4F3E7686BE /* [CP] Check Pods Manifest.lock */,
				517A9DBE1FA4116000906662 /* Sources */,
				517A9DBF1FA4116000906662 /* Frameworks */,
				517A9DC01FA4116000906662 /* Resources */,
				142C64DF0126740E5227311E /* [CP] Embed Pods Frameworks */,
				5103261E5313CD92F2AA7F36 /* [CP] Copy Pods Resources */,
			);
			buildRules = (
			);
			dependencies = (
			);
			name = YKZB_iOS;
			productName = YKZB_iOS;
			productReference = 517A9DC21FA4116000906662 /* YKZB_iOS.app */;
			productType = "com.apple.product-type.application";
		};
		517A9DDA1FA4116000906662 /* YKZB_iOSTests */ = {
			isa = PBXNativeTarget;
			buildConfigurationList = 517A9DE71FA4116000906662 /* Build configuration list for PBXNativeTarget "YKZB_iOSTests" */;
			buildPhases = (
				D25A9D886C6C78529BC7AECC /* [CP] Check Pods Manifest.lock */,
				517A9DD71FA4116000906662 /* Sources */,
				517A9DD81FA4116000906662 /* Frameworks */,
				517A9DD91FA4116000906662 /* Resources */,
				3896FCC021077DA4EF9AE6FE /* [CP] Embed Pods Frameworks */,
				1B07F6F946488622E28F61CE /* [CP] Copy Pods Resources */,
			);
			buildRules = (
			);
			dependencies = (
				517A9DDD1FA4116000906662 /* PBXTargetDependency */,
			);
			name = YKZB_iOSTests;
			productName = YKZB_iOSTests;
			productReference = 517A9DDB1FA4116000906662 /* YKZB_iOSTests.xctest */;
			productType = "com.apple.product-type.bundle.unit-test";
		};
/* End PBXNativeTarget section */

/* Begin PBXProject section */
		517A9DBA1FA4116000906662 /* Project object */ = {
			isa = PBXProject;
			attributes = {
				CLASSPREFIX = JH;
				LastUpgradeCheck = 0830;
				ORGANIZATIONNAME = "瞿嘉洪";
				TargetAttributes = {
					517A9DC11FA4116000906662 = {
						CreatedOnToolsVersion = 8.3.3;
						DevelopmentTeam = L9687TNJ7S;
						ProvisioningStyle = Automatic;
					};
					517A9DDA1FA4116000906662 = {
						CreatedOnToolsVersion = 8.3.3;
						ProvisioningStyle = Automatic;
						TestTargetID = 517A9DC11FA4116000906662;
					};
				};
			};
			buildConfigurationList = 517A9DBD1FA4116000906662 /* Build configuration list for PBXProject "YKZB_iOS" */;
			compatibilityVersion = "Xcode 3.2";
			developmentRegion = English;
			hasScannedForEncodings = 0;
			knownRegions = (
				en,
				Base,
			);
			mainGroup = 517A9DB91FA4116000906662;
			productRefGroup = 517A9DC31FA4116000906662 /* Products */;
			projectDirPath = "";
			projectRoot = "";
			targets = (
				517A9DC11FA4116000906662 /* YKZB_iOS */,
				517A9DDA1FA4116000906662 /* YKZB_iOSTests */,
			);
		};
/* End PBXProject section */

/* Begin PBXResourcesBuildPhase section */
		517A9DC01FA4116000906662 /* Resources */ = {
			isa = PBXResourcesBuildPhase;
			buildActionMask = 2147483647;
			files = (
				5149F92A1FA4633500AA5FC6 /* JHNearViewController.xib in Resources */,
				5149F9131FA435B200AA5FC6 /* JHProfileViewController.xib in Resources */,
				5149F9201FA462D700AA5FC6 /* JHFocuseViewController.xib in Resources */,
				51C5E5E61FA9FC4D0012CCAC /* JHNearLiveCell.xib in Resources */,
				517A9DD51FA4116000906662 /* LaunchScreen.storyboard in Resources */,
				517A9DD21FA4116000906662 /* Assets.xcassets in Resources */,
				5149F9251FA4630F00AA5FC6 /* JHHotViewController.xib in Resources */,
				51BE0D3D1FA85B63007E0E59 /* JHLiveChatViewController.xib in Resources */,
				5149F91B1FA458F800AA5FC6 /* JHLaunchViewController.xib in Resources */,
				517A9DD01FA4116000906662 /* Main.storyboard in Resources */,
				51AC6C1D1FAAF4740084A2E9 /* JHAdvertiseView.xib in Resources */,
				5149F90E1FA4359400AA5FC6 /* JHMainViewController.xib in Resources */,
				51CF48791FA5AD3B00179AF5 /* JHLiveCell.xib in Resources */,
			);
			runOnlyForDeploymentPostprocessing = 0;
		};
		517A9DD91FA4116000906662 /* Resources */ = {
			isa = PBXResourcesBuildPhase;
			buildActionMask = 2147483647;
			files = (
			);
			runOnlyForDeploymentPostprocessing = 0;
		};
/* End PBXResourcesBuildPhase section */

/* Begin PBXShellScriptBuildPhase section */
		142C64DF0126740E5227311E /* [CP] Embed Pods Frameworks */ = {
			isa = PBXShellScriptBuildPhase;
			buildActionMask = 2147483647;
			files = (
			);
			inputPaths = (
			);
			name = "[CP] Embed Pods Frameworks";
			outputPaths = (
			);
			runOnlyForDeploymentPostprocessing = 0;
			shellPath = /bin/sh;
			shellScript = "\"${SRCROOT}/Pods/Target Support Files/Pods-YKZB_iOS/Pods-YKZB_iOS-frameworks.sh\"\n";
			showEnvVarsInLog = 0;
		};
		1B07F6F946488622E28F61CE /* [CP] Copy Pods Resources */ = {
			isa = PBXShellScriptBuildPhase;
			buildActionMask = 2147483647;
			files = (
			);
			inputPaths = (
			);
			name = "[CP] Copy Pods Resources";
			outputPaths = (
			);
			runOnlyForDeploymentPostprocessing = 0;
			shellPath = /bin/sh;
			shellScript = "\"${SRCROOT}/Pods/Target Support Files/Pods-YKZB_iOSTests/Pods-YKZB_iOSTests-resources.sh\"\n";
			showEnvVarsInLog = 0;
		};
		3896FCC021077DA4EF9AE6FE /* [CP] Embed Pods Frameworks */ = {
			isa = PBXShellScriptBuildPhase;
			buildActionMask = 2147483647;
			files = (
			);
			inputPaths = (
			);
			name = "[CP] Embed Pods Frameworks";
			outputPaths = (
			);
			runOnlyForDeploymentPostprocessing = 0;
			shellPath = /bin/sh;
			shellScript = "\"${SRCROOT}/Pods/Target Support Files/Pods-YKZB_iOSTests/Pods-YKZB_iOSTests-frameworks.sh\"\n";
			showEnvVarsInLog = 0;
		};
		5103261E5313CD92F2AA7F36 /* [CP] Copy Pods Resources */ = {
			isa = PBXShellScriptBuildPhase;
			buildActionMask = 2147483647;
			files = (
			);
			inputPaths = (
			);
			name = "[CP] Copy Pods Resources";
			outputPaths = (
			);
			runOnlyForDeploymentPostprocessing = 0;
			shellPath = /bin/sh;
			shellScript = "\"${SRCROOT}/Pods/Target Support Files/Pods-YKZB_iOS/Pods-YKZB_iOS-resources.sh\"\n";
			showEnvVarsInLog = 0;
		};
		78FFBE283E608E4F3E7686BE /* [CP] Check Pods Manifest.lock */ = {
			isa = PBXShellScriptBuildPhase;
			buildActionMask = 2147483647;
			files = (
			);
			inputPaths = (
			);
			name = "[CP] Check Pods Manifest.lock";
			outputPaths = (
			);
			runOnlyForDeploymentPostprocessing = 0;
			shellPath = /bin/sh;
			shellScript = "diff \"${PODS_PODFILE_DIR_PATH}/Podfile.lock\" \"${PODS_ROOT}/Manifest.lock\" > /dev/null\nif [ $? != 0 ] ; then\n    # print error to STDERR\n    echo \"error: The sandbox is not in sync with the Podfile.lock. Run 'pod install' or update your CocoaPods installation.\" >&2\n    exit 1\nfi\n";
			showEnvVarsInLog = 0;
		};
		D25A9D886C6C78529BC7AECC /* [CP] Check Pods Manifest.lock */ = {
			isa = PBXShellScriptBuildPhase;
			buildActionMask = 2147483647;
			files = (
			);
			inputPaths = (
			);
			name = "[CP] Check Pods Manifest.lock";
			outputPaths = (
			);
			runOnlyForDeploymentPostprocessing = 0;
			shellPath = /bin/sh;
			shellScript = "diff \"${PODS_PODFILE_DIR_PATH}/Podfile.lock\" \"${PODS_ROOT}/Manifest.lock\" > /dev/null\nif [ $? != 0 ] ; then\n    # print error to STDERR\n    echo \"error: The sandbox is not in sync with the Podfile.lock. Run 'pod install' or update your CocoaPods installation.\" >&2\n    exit 1\nfi\n";
			showEnvVarsInLog = 0;
		};
/* End PBXShellScriptBuildPhase section */

/* Begin PBXSourcesBuildPhase section */
		517A9DBE1FA4116000906662 /* Sources */ = {
			isa = PBXSourcesBuildPhase;
			buildActionMask = 2147483647;
			files = (
				51AC6C1B1FAAF4460084A2E9 /* JHAdvertiseView.m in Sources */,
				5149F91A1FA458F800AA5FC6 /* JHLaunchViewController.m in Sources */,
				51C5E5DF1FA9C5790012CCAC /* JHFCreator.m in Sources */,
				5147AD201FA4271200C9A7B7 /* JHTabBarViewController.m in Sources */,
				51B597A01FA57BA60089D6B1 /* MJExtensionConfig.m in Sources */,
				51B597951FA56E8F0089D6B1 /* JHLiveHandler.m in Sources */,
				5147AD231FA4273500C9A7B7 /* JHTabBar.m in Sources */,
				51B5979D1FA578B20089D6B1 /* JHCreator.m in Sources */,
				511F49A71FAC005100268612 /* LFLivePreview.m in Sources */,
				51C5E5DC1FA9C5090012CCAC /* JHExtra.m in Sources */,
				5149F91F1FA462D700AA5FC6 /* JHFocuseViewController.m in Sources */,
				51B597971FA573A10089D6B1 /* Foundation+Log.m in Sources */,
				517A9DCA1FA4116000906662 /* AppDelegate.m in Sources */,
				51B597921FA56D600089D6B1 /* JHBaseHandler.m in Sources */,
				5149F9361FA4829E00AA5FC6 /* UIImageView+SDWebImage.m in Sources */,
				5149F9241FA4630F00AA5FC6 /* JHHotViewController.m in Sources */,
				51C5E5D91FA9C4C90012CCAC /* JHActInfo.m in Sources */,
				5149F90D1FA4359400AA5FC6 /* JHMainViewController.m in Sources */,
				51C5E5D31FA9C45E0012CCAC /* JHFlow.m in Sources */,
				51C5E5D61FA9C4710012CCAC /* JHInfo.m in Sources */,
				517A9DC71FA4116000906662 /* main.m in Sources */,
				51B5979A1FA578610089D6B1 /* JHLive.m in Sources */,
				51C5E5E51FA9FC4D0012CCAC /* JHNearLiveCell.m in Sources */,
				51AC6C201FAAFFE00084A2E9 /* JHCacheHelper.m in Sources */,
				5149F9291FA4633500AA5FC6 /* JHNearViewController.m in Sources */,
				5149F9161FA4369F00AA5FC6 /* JHBaseNavViewController.m in Sources */,
				51CF48781FA5AD3B00179AF5 /* JHLiveCell.m in Sources */,
				5149F92D1FA4704900AA5FC6 /* JHMainTopView.m in Sources */,
				51CF48981FA6D8F600179AF5 /* JHPlayerViewController.m in Sources */,
				5149F9121FA435B200AA5FC6 /* JHProfileViewController.m in Sources */,
				5149F9091FA4357200AA5FC6 /* JHBaseViewController.m in Sources */,
				51BE0D3C1FA85B63007E0E59 /* JHLiveChatViewController.m in Sources */,
				51BE0D401FA87825007E0E59 /* JHLocationManager.m in Sources */,
				5149F9351FA4829E00AA5FC6 /* HttpTool.m in Sources */,
			);
			runOnlyForDeploymentPostprocessing = 0;
		};
		517A9DD71FA4116000906662 /* Sources */ = {
			isa = PBXSourcesBuildPhase;
			buildActionMask = 2147483647;
			files = (
				517A9DE01FA4116000906662 /* YKZB_iOSTests.m in Sources */,
			);
			runOnlyForDeploymentPostprocessing = 0;
		};
/* End PBXSourcesBuildPhase section */

/* Begin PBXTargetDependency section */
		517A9DDD1FA4116000906662 /* PBXTargetDependency */ = {
			isa = PBXTargetDependency;
			target = 517A9DC11FA4116000906662 /* YKZB_iOS */;
			targetProxy = 517A9DDC1FA4116000906662 /* PBXContainerItemProxy */;
		};
/* End PBXTargetDependency section */

/* Begin PBXVariantGroup section */
		517A9DCE1FA4116000906662 /* Main.storyboard */ = {
			isa = PBXVariantGroup;
			children = (
				517A9DCF1FA4116000906662 /* Base */,
			);
			name = Main.storyboard;
			sourceTree = "<group>";
		};
		517A9DD31FA4116000906662 /* LaunchScreen.storyboard */ = {
			isa = PBXVariantGroup;
			children = (
				517A9DD41FA4116000906662 /* Base */,
			);
			name = LaunchScreen.storyboard;
			sourceTree = "<group>";
		};
/* End PBXVariantGroup section */

/* Begin XCBuildConfiguration section */
		517A9DE21FA4116000906662 /* Debug */ = {
			isa = XCBuildConfiguration;
			buildSettings = {
				ALWAYS_SEARCH_USER_PATHS = NO;
				CLANG_ANALYZER_NONNULL = YES;
				CLANG_ANALYZER_NUMBER_OBJECT_CONVERSION = YES_AGGRESSIVE;
				CLANG_CXX_LANGUAGE_STANDARD = "gnu++0x";
				CLANG_CXX_LIBRARY = "libc++";
				CLANG_ENABLE_MODULES = YES;
				CLANG_ENABLE_OBJC_ARC = YES;
				CLANG_WARN_BOOL_CONVERSION = YES;
				CLANG_WARN_CONSTANT_CONVERSION = YES;
				CLANG_WARN_DIRECT_OBJC_ISA_USAGE = YES_ERROR;
				CLANG_WARN_DOCUMENTATION_COMMENTS = YES;
				CLANG_WARN_EMPTY_BODY = YES;
				CLANG_WARN_ENUM_CONVERSION = YES;
				CLANG_WARN_INFINITE_RECURSION = YES;
				CLANG_WARN_INT_CONVERSION = YES;
				CLANG_WARN_OBJC_ROOT_CLASS = YES_ERROR;
				CLANG_WARN_SUSPICIOUS_MOVE = YES;
				CLANG_WARN_UNREACHABLE_CODE = YES;
				CLANG_WARN__DUPLICATE_METHOD_MATCH = YES;
				"CODE_SIGN_IDENTITY[sdk=iphoneos*]" = "iPhone Developer";
				COPY_PHASE_STRIP = NO;
				DEBUG_INFORMATION_FORMAT = dwarf;
				ENABLE_STRICT_OBJC_MSGSEND = YES;
				ENABLE_TESTABILITY = YES;
				GCC_C_LANGUAGE_STANDARD = gnu99;
				GCC_DYNAMIC_NO_PIC = NO;
				GCC_NO_COMMON_BLOCKS = YES;
				GCC_OPTIMIZATION_LEVEL = 0;
				GCC_PREPROCESSOR_DEFINITIONS = (
					"DEBUG=1",
					"$(inherited)",
				);
				GCC_WARN_64_TO_32_BIT_CONVERSION = YES;
				GCC_WARN_ABOUT_RETURN_TYPE = YES_ERROR;
				GCC_WARN_UNDECLARED_SELECTOR = YES;
				GCC_WARN_UNINITIALIZED_AUTOS = YES_AGGRESSIVE;
				GCC_WARN_UNUSED_FUNCTION = YES;
				GCC_WARN_UNUSED_VARIABLE = YES;
				IPHONEOS_DEPLOYMENT_TARGET = 10.3;
				MTL_ENABLE_DEBUG_INFO = YES;
				ONLY_ACTIVE_ARCH = YES;
				SDKROOT = iphoneos;
			};
			name = Debug;
		};
		517A9DE31FA4116000906662 /* Release */ = {
			isa = XCBuildConfiguration;
			buildSettings = {
				ALWAYS_SEARCH_USER_PATHS = NO;
				CLANG_ANALYZER_NONNULL = YES;
				CLANG_ANALYZER_NUMBER_OBJECT_CONVERSION = YES_AGGRESSIVE;
				CLANG_CXX_LANGUAGE_STANDARD = "gnu++0x";
				CLANG_CXX_LIBRARY = "libc++";
				CLANG_ENABLE_MODULES = YES;
				CLANG_ENABLE_OBJC_ARC = YES;
				CLANG_WARN_BOOL_CONVERSION = YES;
				CLANG_WARN_CONSTANT_CONVERSION = YES;
				CLANG_WARN_DIRECT_OBJC_ISA_USAGE = YES_ERROR;
				CLANG_WARN_DOCUMENTATION_COMMENTS = YES;
				CLANG_WARN_EMPTY_BODY = YES;
				CLANG_WARN_ENUM_CONVERSION = YES;
				CLANG_WARN_INFINITE_RECURSION = YES;
				CLANG_WARN_INT_CONVERSION = YES;
				CLANG_WARN_OBJC_ROOT_CLASS = YES_ERROR;
				CLANG_WARN_SUSPICIOUS_MOVE = YES;
				CLANG_WARN_UNREACHABLE_CODE = YES;
				CLANG_WARN__DUPLICATE_METHOD_MATCH = YES;
				"CODE_SIGN_IDENTITY[sdk=iphoneos*]" = "iPhone Developer";
				COPY_PHASE_STRIP = NO;
				DEBUG_INFORMATION_FORMAT = "dwarf-with-dsym";
				ENABLE_NS_ASSERTIONS = NO;
				ENABLE_STRICT_OBJC_MSGSEND = YES;
				GCC_C_LANGUAGE_STANDARD = gnu99;
				GCC_NO_COMMON_BLOCKS = YES;
				GCC_WARN_64_TO_32_BIT_CONVERSION = YES;
				GCC_WARN_ABOUT_RETURN_TYPE = YES_ERROR;
				GCC_WARN_UNDECLARED_SELECTOR = YES;
				GCC_WARN_UNINITIALIZED_AUTOS = YES_AGGRESSIVE;
				GCC_WARN_UNUSED_FUNCTION = YES;
				GCC_WARN_UNUSED_VARIABLE = YES;
				IPHONEOS_DEPLOYMENT_TARGET = 10.3;
				MTL_ENABLE_DEBUG_INFO = NO;
				SDKROOT = iphoneos;
				VALIDATE_PRODUCT = YES;
			};
			name = Release;
		};
		517A9DE51FA4116000906662 /* Debug */ = {
			isa = XCBuildConfiguration;
			baseConfigurationReference = 796EDEB7B7C668933D55E79C /* Pods-YKZB_iOS.debug.xcconfig */;
			buildSettings = {
				ASSETCATALOG_COMPILER_APPICON_NAME = AppIcon;
				ASSETCATALOG_COMPILER_LAUNCHIMAGE_NAME = LaunchImage;
				DEVELOPMENT_TEAM = L9687TNJ7S;
				FRAMEWORK_SEARCH_PATHS = (
					"$(inherited)",
					"$(PROJECT_DIR)",
				);
				GCC_PREFIX_HEADER = "$(SRCROOT)/YKZB_iOS/YKZB.pch";
				INFOPLIST_FILE = YKZB_iOS/Info.plist;
				LD_RUNPATH_SEARCH_PATHS = "$(inherited) @executable_path/Frameworks";
				PRODUCT_BUNDLE_IDENTIFIER = "Mr.Qu.YKZB-iOS";
				PRODUCT_NAME = "$(TARGET_NAME)";
				TARGETED_DEVICE_FAMILY = 1;
			};
			name = Debug;
		};
		517A9DE61FA4116000906662 /* Release */ = {
			isa = XCBuildConfiguration;
			baseConfigurationReference = F0F88472891B9821D0F5F867 /* Pods-YKZB_iOS.release.xcconfig */;
			buildSettings = {
				ASSETCATALOG_COMPILER_APPICON_NAME = AppIcon;
				ASSETCATALOG_COMPILER_LAUNCHIMAGE_NAME = LaunchImage;
				DEVELOPMENT_TEAM = L9687TNJ7S;
				FRAMEWORK_SEARCH_PATHS = (
					"$(inherited)",
					"$(PROJECT_DIR)",
				);
				GCC_PREFIX_HEADER = "$(SRCROOT)/YKZB_iOS/YKZB.pch";
				INFOPLIST_FILE = YKZB_iOS/Info.plist;
				LD_RUNPATH_SEARCH_PATHS = "$(inherited) @executable_path/Frameworks";
				PRODUCT_BUNDLE_IDENTIFIER = "Mr.Qu.YKZB-iOS";
				PRODUCT_NAME = "$(TARGET_NAME)";
				TARGETED_DEVICE_FAMILY = 1;
			};
			name = Release;
		};
		517A9DE81FA4116000906662 /* Debug */ = {
			isa = XCBuildConfiguration;
			baseConfigurationReference = AF3EA99151A0A04AD1622140 /* Pods-YKZB_iOSTests.debug.xcconfig */;
			buildSettings = {
				BUNDLE_LOADER = "$(TEST_HOST)";
				INFOPLIST_FILE = YKZB_iOSTests/Info.plist;
				LD_RUNPATH_SEARCH_PATHS = "$(inherited) @executable_path/Frameworks @loader_path/Frameworks";
				PRODUCT_BUNDLE_IDENTIFIER = "Mr.Qu.YKZB-iOSTests";
				PRODUCT_NAME = "$(TARGET_NAME)";
				TEST_HOST = "$(BUILT_PRODUCTS_DIR)/YKZB_iOS.app/YKZB_iOS";
			};
			name = Debug;
		};
		517A9DE91FA4116000906662 /* Release */ = {
			isa = XCBuildConfiguration;
			baseConfigurationReference = 43F46EDC8F08255AE95BFF98 /* Pods-YKZB_iOSTests.release.xcconfig */;
			buildSettings = {
				BUNDLE_LOADER = "$(TEST_HOST)";
				INFOPLIST_FILE = YKZB_iOSTests/Info.plist;
				LD_RUNPATH_SEARCH_PATHS = "$(inherited) @executable_path/Frameworks @loader_path/Frameworks";
				PRODUCT_BUNDLE_IDENTIFIER = "Mr.Qu.YKZB-iOSTests";
				PRODUCT_NAME = "$(TARGET_NAME)";
				TEST_HOST = "$(BUILT_PRODUCTS_DIR)/YKZB_iOS.app/YKZB_iOS";
			};
			name = Release;
		};
/* End XCBuildConfiguration section */

/* Begin XCConfigurationList section */
		517A9DBD1FA4116000906662 /* Build configuration list for PBXProject "YKZB_iOS" */ = {
			isa = XCConfigurationList;
			buildConfigurations = (
				517A9DE21FA4116000906662 /* Debug */,
				517A9DE31FA4116000906662 /* Release */,
			);
			defaultConfigurationIsVisible = 0;
			defaultConfigurationName = Release;
		};
		517A9DE41FA4116000906662 /* Build configuration list for PBXNativeTarget "YKZB_iOS" */ = {
			isa = XCConfigurationList;
			buildConfigurations = (
				517A9DE51FA4116000906662 /* Debug */,
				517A9DE61FA4116000906662 /* Release */,
			);
			defaultConfigurationIsVisible = 0;
			defaultConfigurationName = Release;
		};
		517A9DE71FA4116000906662 /* Build configuration list for PBXNativeTarget "YKZB_iOSTests" */ = {
			isa = XCConfigurationList;
			buildConfigurations = (
				517A9DE81FA4116000906662 /* Debug */,
				517A9DE91FA4116000906662 /* Release */,
			);
			defaultConfigurationIsVisible = 0;
			defaultConfigurationName = Release;
		};
/* End XCConfigurationList section */
	};
	rootObject = 517A9DBA1FA4116000906662 /* Project object */;
}
